
Microsoft Visual Studio Solution File, Format Version 12.00
# Visual Studio Version 17
VisualStudioVersion = 17.9.34622.214
MinimumVisualStudioVersion = 10.0.40219.1
Project("{FAE04EC0-301F-11D3-BF4B-00C04F79EFBC}") = "Robo", "robo\Robo.csproj", "{4222FD44-6DF0-4E5B-90BC-D17B67E6AC5A}"
EndProject
Global
	GlobalSection(SolutionConfigurationPlatforms) = preSolution
		Debug|Any CPU = Debug|Any CPU
		Release|Any CPU = Release|Any CPU
	EndGlobalSection
	GlobalSection(ProjectConfigurationPlatforms) = postSolution
		{4222FD44-6DF0-4E5B-90BC-D17B67E6AC5A}.Debug|Any CPU.ActiveCfg = Debug|Any CPU
		{4222FD44-6DF0-4E5B-90BC-D17B67E6AC5A}.Debug|Any CPU.Build.0 = Debug|Any CPU
		{4222FD44-6DF0-4E5B-90BC-D17B67E6AC5A}.Release|Any CPU.ActiveCfg = Release|Any CPU
		{4222FD44-6DF0-4E5B-90BC-D17B67E6AC5A}.Release|Any CPU.Build.0 = Release|Any CPU
	EndGlobalSection
	GlobalSection(SolutionProperties) = preSolution
		HideSolutionNode = FALSE
	EndGlobalSection
	GlobalSection(ExtensibilityGlobals) = postSolution
		SolutionGuid = {E002C383-35DD-40CF-8959-1D50F0FE65EE}
	EndGlobalSection
EndGlobal
